{
  "name": "file-repository",
  "requires": true,
  "lockfileVersion": 1,
  "dependencies": {
    "bootstrap": {
      "version": "4.2.1",
      "resolved": "https://registry.npmjs.org/bootstrap/-/bootstrap-4.2.1.tgz",
      "integrity": "sha512-tt/7vIv3Gm2mnd/WeDx36nfGGHleil0Wg8IeB7eMrVkY0fZ5iTaBisSh8oNANc2IBsCc6vCgCNTIM/IEN0+50Q=="
    },
    "cropperjs": {
      "version": "1.4.3",
      "resolved": "https://registry.npmjs.org/cropperjs/-/cropperjs-1.4.3.tgz",
      "integrity": "sha512-fsUjHuS9mvKVh2aXVRgNcUDlFplW+v4eEB6sOHVI9kMV4G3GViSD4p1qvNLg1ko4ZhOnF0L8/9uXcY4s2bFQPg=="
    },
    "filepond": {
      "version": "3.7.4",
      "resolved": "https://registry.npmjs.org/filepond/-/filepond-3.7.4.tgz",
      "integrity": "sha512-rXOG8JcypIGQJPz28kCuWYNgh8NNsOOzEOUQC0bNQSZ70Z1xTOHkGqf04Sll7veRZM2yA3lXdneS+wNqsfxMUw=="
    },
    "filepond-plugin-file-validate-size": {
      "version": "2.1.0",
      "resolved": "https://registry.npmjs.org/filepond-plugin-file-validate-size/-/filepond-plugin-file-validate-size-2.1.0.tgz",
      "integrity": "sha512-yQVVae4oYv1dpWWVLRSCE4TYca7VCzYTt7ce4zB7595dk/C0nYWRCauZ23X5SJSbATIp+AIHfswURm6Q+K1BjQ=="
    },
    "filepond-plugin-image-exif-orientation": {
      "version": "1.0.3",
      "resolved": "https://registry.npmjs.org/filepond-plugin-image-exif-orientation/-/filepond-plugin-image-exif-orientation-1.0.3.tgz",
      "integrity": "sha512-eg0OTny+fsF21x3FnWRrZjDG50iMFFnl8uVKW9MpG+tggBqpp/G7LreO7/gHyPLaiMNO+TX+ANMF51lw6OlNrQ=="
    },
    "filepond-plugin-image-preview": {
      "version": "3.1.6",
      "resolved": "https://registry.npmjs.org/filepond-plugin-image-preview/-/filepond-plugin-image-preview-3.1.6.tgz",
      "integrity": "sha512-IpIHUi0/IIc4Rbo2nxfA+AXzUu0JPfWU2HneuM0NjpNG4s0I0BVv5tw9CgFaqWQ7+Dr9ULJy4SdMmlP9vnyN1g=="
    }
  }
}
